
Microsoft Visual Studio Solution File, Format Version 12.00
# Visual Studio Version 17
VisualStudioVersion = 17.10.34916.146
MinimumVisualStudioVersion = 10.0.40219.1
Project("{FAE04EC0-301F-11D3-BF4B-00C04F79EFBC}") = "HW_NP_5.4", "HW_NP_5.4.csproj", "{EA458EED-66F3-4245-866D-FC4EB0A0A71B}"
EndProject
Global
	GlobalSection(SolutionConfigurationPlatforms) = preSolution
		Debug|Any CPU = Debug|Any CPU
		Release|Any CPU = Release|Any CPU
	EndGlobalSection
	GlobalSection(ProjectConfigurationPlatforms) = postSolution
		{EA458EED-66F3-4245-866D-FC4EB0A0A71B}.Debug|Any CPU.ActiveCfg = Debug|Any CPU
		{EA458EED-66F3-4245-866D-FC4EB0A0A71B}.Debug|Any CPU.Build.0 = Debug|Any CPU
		{EA458EED-66F3-4245-866D-FC4EB0A0A71B}.Release|Any CPU.ActiveCfg = Release|Any CPU
		{EA458EED-66F3-4245-866D-FC4EB0A0A71B}.Release|Any CPU.Build.0 = Release|Any CPU
	EndGlobalSection
	GlobalSection(SolutionProperties) = preSolution
		HideSolutionNode = FALSE
	EndGlobalSection
	GlobalSection(ExtensibilityGlobals) = postSolution
		SolutionGuid = {590B77F2-43B5-4F9E-9491-BFE8BF1EE032}
	EndGlobalSection
EndGlobal
